
Microsoft Visual Studio Solution File, Format Version 12.00
# Visual Studio Version 16
VisualStudioVersion = 16.0.32630.194
MinimumVisualStudioVersion = 10.0.40219.1
Project("{FAE04EC0-301F-11D3-BF4B-00C04F79EFBC}") = "megalodon", "megalodon.csproj", "{AFFB0768-57B1-4DA8-8C8C-35AF8AA560EF}"
EndProject
Project("{FAE04EC0-301F-11D3-BF4B-00C04F79EFBC}") = "megalogon_web", "..\dark-anub1s\megalogon_web\megalogon_web.csproj", "{6EAFABA5-7FC3-454C-8737-E63583BD01DE}"
EndProject
Global
	GlobalSection(SolutionConfigurationPlatforms) = preSolution
		Debug|Any CPU = Debug|Any CPU
		Release|Any CPU = Release|Any CPU
	EndGlobalSection
	GlobalSection(ProjectConfigurationPlatforms) = postSolution
		{AFFB0768-57B1-4DA8-8C8C-35AF8AA560EF}.Debug|Any CPU.ActiveCfg = Debug|Any CPU
		{AFFB0768-57B1-4DA8-8C8C-35AF8AA560EF}.Debug|Any CPU.Build.0 = Debug|Any CPU
		{AFFB0768-57B1-4DA8-8C8C-35AF8AA560EF}.Release|Any CPU.ActiveCfg = Release|Any CPU
		{AFFB0768-57B1-4DA8-8C8C-35AF8AA560EF}.Release|Any CPU.Build.0 = Release|Any CPU
		{6EAFABA5-7FC3-454C-8737-E63583BD01DE}.Debug|Any CPU.ActiveCfg = Debug|Any CPU
		{6EAFABA5-7FC3-454C-8737-E63583BD01DE}.Debug|Any CPU.Build.0 = Debug|Any CPU
		{6EAFABA5-7FC3-454C-8737-E63583BD01DE}.Release|Any CPU.ActiveCfg = Release|Any CPU
		{6EAFABA5-7FC3-454C-8737-E63583BD01DE}.Release|Any CPU.Build.0 = Release|Any CPU
	EndGlobalSection
	GlobalSection(SolutionProperties) = preSolution
		HideSolutionNode = FALSE
	EndGlobalSection
	GlobalSection(ExtensibilityGlobals) = postSolution
		SolutionGuid = {CAB4F05B-0DA0-43F9-8444-A2A418E5A229}
	EndGlobalSection
EndGlobal
